Microsoft Visual Studio Solution File, Format Version 12.00
# Visual Studio Version 17
VisualStudioVersion = 17.5.2.0
MinimumVisualStudioVersion = 10.0.40219.1
Project("{2150E333-8FDC-42A3-9474-1A3956D46DE8}") = "TheArtGalleryProblem", "TheArtGalleryProblem", "{790BCF18-490A-19B7-FA6D-B9EB3F3BE2B3}"
EndProject
Project("{FAE04EC0-301F-11D3-BF4B-00C04F79EFBC}") = "Art", "TheArtGalleryProblem\art\Art.csproj", "{2D25A6FB-AF30-79AF-71A5-7EB3FE5A2D5D}"
EndProject
Global
	GlobalSection(SolutionConfigurationPlatforms) = preSolution
		Debug|Any CPU = Debug|Any CPU
		Release|Any CPU = Release|Any CPU
	EndGlobalSection
	GlobalSection(ProjectConfigurationPlatforms) = postSolution
		{2D25A6FB-AF30-79AF-71A5-7EB3FE5A2D5D}.Debug|Any CPU.ActiveCfg = Debug|Any CPU
		{2D25A6FB-AF30-79AF-71A5-7EB3FE5A2D5D}.Debug|Any CPU.Build.0 = Debug|Any CPU
		{2D25A6FB-AF30-79AF-71A5-7EB3FE5A2D5D}.Release|Any CPU.ActiveCfg = Release|Any CPU
		{2D25A6FB-AF30-79AF-71A5-7EB3FE5A2D5D}.Release|Any CPU.Build.0 = Release|Any CPU
	EndGlobalSection
	GlobalSection(SolutionProperties) = preSolution
		HideSolutionNode = FALSE
	EndGlobalSection
	GlobalSection(NestedProjects) = preSolution
		{2D25A6FB-AF30-79AF-71A5-7EB3FE5A2D5D} = {790BCF18-490A-19B7-FA6D-B9EB3F3BE2B3}
	EndGlobalSection
	GlobalSection(ExtensibilityGlobals) = postSolution
		SolutionGuid = {405CC8D2-C475-4304-BA21-A0485762B55A}
	EndGlobalSection
EndGlobal
